// !$*UTF8*$!
{
	archiveVersion = 1;
	classes = {
	};
	objectVersion = 46;
	objects = {

/* Begin PBXBuildFile section */
		312E74701ECDE7DB007A90D1 /* AppDelegate.swift in Sources */ = {isa = PBXBuildFile; fileRef = 312E746F1ECDE7DB007A90D1 /* AppDelegate.swift */; };
		312E74721ECDE7DB007A90D1 /* ViewController.swift in Sources */ = {isa = PBXBuildFile; fileRef = 312E74711ECDE7DB007A90D1 /* ViewController.swift */; };
		312E74751ECDE7DB007A90D1 /* Main.storyboard in Resources */ = {isa = PBXBuildFile; fileRef = 312E74731ECDE7DB007A90D1 /* Main.storyboard */; };
		312E74771ECDE7DB007A90D1 /* Assets.xcassets in Resources */ = {isa = PBXBuildFile; fileRef = 312E74761ECDE7DB007A90D1 /* Assets.xcassets */; };
		312E747A1ECDE7DB007A90D1 /* LaunchScreen.storyboard in Resources */ = {isa = PBXBuildFile; fileRef = 312E74781ECDE7DB007A90D1 /* LaunchScreen.storyboard */; };
		312E74861ECDE9D0007A90D1 /* DataModel.swift in Sources */ = {isa = PBXBuildFile; fileRef = 312E74851ECDE9D0007A90D1 /* DataModel.swift */; };
		312E74881ECDEA8A007A90D1 /* DateModelPicker.swift in Sources */ = {isa = PBXBuildFile; fileRef = 312E74871ECDEA8A007A90D1 /* DateModelPicker.swift */; };
		312E748A1ECDEAA2007A90D1 /* Data.swift in Sources */ = {isa = PBXBuildFile; fileRef = 312E74891ECDEAA2007A90D1 /* Data.swift */; };
/* End PBXBuildFile section */

/* Begin PBXFileReference section */
		312E746C1ECDE7DB007A90D1 /* HorizontalUIPickerView.app */ = {isa = PBXFileReference; explicitFileType = wrapper.application; includeInIndex = 0; path = HorizontalUIPickerView.app; sourceTree = BUILT_PRODUCTS_DIR; };
		312E746F1ECDE7DB007A90D1 /* AppDelegate.swift */ = {isa = PBXFileReference; lastKnownFileType = sourcecode.swift; path = AppDelegate.swift; sourceTree = "<group>"; };
		312E74711ECDE7DB007A90D1 /* ViewController.swift */ = {isa = PBXFileReference; lastKnownFileType = sourcecode.swift; path = ViewController.swift; sourceTree = "<group>"; };
		312E74741ECDE7DB007A90D1 /* Base */ = {isa = PBXFileReference; lastKnownFileType = file.storyboard; name = Base; path = Base.lproj/Main.storyboard; sourceTree = "<group>"; };
		312E74761ECDE7DB007A90D1 /* Assets.xcassets */ = {isa = PBXFileReference; lastKnownFileType = folder.assetcatalog; path = Assets.xcassets; sourceTree = "<group>"; };
		312E74791ECDE7DB007A90D1 /* Base */ = {isa = PBXFileReference; lastKnownFileType = file.storyboard; name = Base; path = Base.lproj/LaunchScreen.storyboard; sourceTree = "<group>"; };
		312E747B1ECDE7DB007A90D1 /* Info.plist */ = {isa = PBXFileReference; lastKnownFileType = text.plist.xml; path = Info.plist; sourceTree = "<group>"; };
		312E74851ECDE9D0007A90D1 /* DataModel.swift */ = {isa = PBXFileReference; fileEncoding = 4; lastKnownFileType = sourcecode.swift; path = DataModel.swift; sourceTree = "<group>"; };
		312E74871ECDEA8A007A90D1 /* DateModelPicker.swift */ = {isa = PBXFileReference; fileEncoding = 4; lastKnownFileType = sourcecode.swift; path = DateModelPicker.swift; sourceTree = "<group>"; };
		312E74891ECDEAA2007A90D1 /* Data.swift */ = {isa = PBXFileReference; fileEncoding = 4; lastKnownFileType = sourcecode.swift; path = Data.swift; sourceTree = "<group>"; };
/* End PBXFileReference section */

/* Begin PBXFrameworksBuildPhase section */
		312E74691ECDE7DB007A90D1 /* Frameworks */ = {
			isa = PBXFrameworksBuildPhase;
			buildActionMask = 2147483647;
			files = (
			);
			runOnlyForDeploymentPostprocessing = 0;
		};
/* End PBXFrameworksBuildPhase section */

/* Begin PBXGroup section */
		312E74631ECDE7DB007A90D1 = {
			isa = PBXGroup;
			children = (
				312E746E1ECDE7DB007A90D1 /* HorizontalUIPickerView */,
				312E746D1ECDE7DB007A90D1 /* Products */,
			);
			sourceTree = "<group>";
		};
		312E746D1ECDE7DB007A90D1 /* Products */ = {
			isa = PBXGroup;
			children = (
				312E746C1ECDE7DB007A90D1 /* HorizontalUIPickerView.app */,
			);
			name = Products;
			sourceTree = "<group>";
		};
		312E746E1ECDE7DB007A90D1 /* HorizontalUIPickerView */ = {
			isa = PBXGroup;
			children = (
				312E746F1ECDE7DB007A90D1 /* AppDelegate.swift */,
				312E74841ECDE9BF007A90D1 /* Model */,
				312E74821ECDE9AD007A90D1 /* Controller */,
				312E74811ECDE99F007A90D1 /* View */,
				312E74761ECDE7DB007A90D1 /* Assets.xcassets */,
				312E74781ECDE7DB007A90D1 /* LaunchScreen.storyboard */,
				312E747B1ECDE7DB007A90D1 /* Info.plist */,
			);
			path = HorizontalUIPickerView;
			sourceTree = "<group>";
		};
		312E74811ECDE99F007A90D1 /* View */ = {
			isa = PBXGroup;
			children = (
				312E74731ECDE7DB007A90D1 /* Main.storyboard */,
				312E74871ECDEA8A007A90D1 /* DateModelPicker.swift */,
			);
			name = View;
			sourceTree = "<group>";
		};
		312E74821ECDE9AD007A90D1 /* Controller */ = {
			isa = PBXGroup;
			children = (
				312E74711ECDE7DB007A90D1 /* ViewController.swift */,
			);
			name = Controller;
			sourceTree = "<group>";
		};
		312E74841ECDE9BF007A90D1 /* Model */ = {
			isa = PBXGroup;
			children = (
				312E74851ECDE9D0007A90D1 /* DataModel.swift */,
				312E74891ECDEAA2007A90D1 /* Data.swift */,
			);
			name = Model;
			sourceTree = "<group>";
		};
/* End PBXGroup section */

/* Begin PBXNativeTarget section */
		312E746B1ECDE7DB007A90D1 /* HorizontalUIPickerView */ = {
			isa = PBXNativeTarget;
			buildConfigurationList = 312E747E1ECDE7DB007A90D1 /* Build configuration list for PBXNativeTarget "HorizontalUIPickerView" */;
			buildPhases = (
				312E74681ECDE7DB007A90D1 /* Sources */,
				312E74691ECDE7DB007A90D1 /* Frameworks */,
				312E746A1ECDE7DB007A90D1 /* Resources */,
			);
			buildRules = (
			);
			dependencies = (
			);
			name = HorizontalUIPickerView;
			productName = HorizontalUIPickerView;
			productReference = 312E746C1ECDE7DB007A90D1 /* HorizontalUIPickerView.app */;
			productType = "com.apple.product-type.application";
		};
/* End PBXNativeTarget section */

/* Begin PBXProject section */
		312E74641ECDE7DB007A90D1 /* Project object */ = {
			isa = PBXProject;
			attributes = {
				LastSwiftUpdateCheck = 0830;
				LastUpgradeCheck = 0830;
				ORGANIZATIONNAME = "Jakkawad Chaiplee";
				TargetAttributes = {
					312E746B1ECDE7DB007A90D1 = {
						CreatedOnToolsVersion = 8.3.2;
						ProvisioningStyle = Automatic;
					};
				};
			};
			buildConfigurationList = 312E74671ECDE7DB007A90D1 /* Build configuration list for PBXProject "HorizontalUIPickerView" */;
			compatibilityVersion = "Xcode 3.2";
			developmentRegion = English;
			hasScannedForEncodings = 0;
			knownRegions = (
				en,
				Base,
			);
			mainGroup = 312E74631ECDE7DB007A90D1;
			productRefGroup = 312E746D1ECDE7DB007A90D1 /* Products */;
			projectDirPath = "";
			projectRoot = "";
			targets = (
				312E746B1ECDE7DB007A90D1 /* HorizontalUIPickerView */,
			);
		};
/* End PBXProject section */

/* Begin PBXResourcesBuildPhase section */
		312E746A1ECDE7DB007A90D1 /* Resources */ = {
			isa = PBXResourcesBuildPhase;
			buildActionMask = 2147483647;
			files = (
				312E747A1ECDE7DB007A90D1 /* LaunchScreen.storyboard in Resources */,
				312E74771ECDE7DB007A90D1 /* Assets.xcassets in Resources */,
				312E74751ECDE7DB007A90D1 /* Main.storyboard in Resources */,
			);
			runOnlyForDeploymentPostprocessing = 0;
		};
/* End PBXResourcesBuildPhase section */

/* Begin PBXSourcesBuildPhase section */
		312E74681ECDE7DB007A90D1 /* Sources */ = {
			isa = PBXSourcesBuildPhase;
			buildActionMask = 2147483647;
			files = (
				312E74721ECDE7DB007A90D1 /* ViewController.swift in Sources */,
				312E748A1ECDEAA2007A90D1 /* Data.swift in Sources */,
				312E74881ECDEA8A007A90D1 /* DateModelPicker.swift in Sources */,
				312E74701ECDE7DB007A90D1 /* AppDelegate.swift in Sources */,
				312E74861ECDE9D0007A90D1 /* DataModel.swift in Sources */,
			);
			runOnlyForDeploymentPostprocessing = 0;
		};
/* End PBXSourcesBuildPhase section */

/* Begin PBXVariantGroup section */
		312E74731ECDE7DB007A90D1 /* Main.storyboard */ = {
			isa = PBXVariantGroup;
			children = (
				312E74741ECDE7DB007A90D1 /* Base */,
			);
			name = Main.storyboard;
			sourceTree = "<group>";
		};
		312E74781ECDE7DB007A90D1 /* LaunchScreen.storyboard */ = {
			isa = PBXVariantGroup;
			children = (
				312E74791ECDE7DB007A90D1 /* Base */,
			);
			name = LaunchScreen.storyboard;
			sourceTree = "<group>";
		};
/* End PBXVariantGroup section */

/* Begin XCBuildConfiguration section */
		312E747C1ECDE7DB007A90D1 /* Debug */ = {
			isa = XCBuildConfiguration;
			buildSettings = {
				ALWAYS_SEARCH_USER_PATHS = NO;
				CLANG_ANALYZER_NONNULL = YES;
				CLANG_ANALYZER_NUMBER_OBJECT_CONVERSION = YES_AGGRESSIVE;
				CLANG_CXX_LANGUAGE_STANDARD = "gnu++0x";
				CLANG_CXX_LIBRARY = "libc++";
				CLANG_ENABLE_MODULES = YES;
				CLANG_ENABLE_OBJC_ARC = YES;
				CLANG_WARN_BOOL_CONVERSION = YES;
				CLANG_WARN_CONSTANT_CONVERSION = YES;
				CLANG_WARN_DIRECT_OBJC_ISA_USAGE = YES_ERROR;
				CLANG_WARN_DOCUMENTATION_COMMENTS = YES;
				CLANG_WARN_EMPTY_BODY = YES;
				CLANG_WARN_ENUM_CONVERSION = YES;
				CLANG_WARN_INFINITE_RECURSION = YES;
				CLANG_WARN_INT_CONVERSION = YES;
				CLANG_WARN_OBJC_ROOT_CLASS = YES_ERROR;
				CLANG_WARN_SUSPICIOUS_MOVE = YES;
				CLANG_WARN_UNREACHABLE_CODE = YES;
				CLANG_WARN__DUPLICATE_METHOD_MATCH = YES;
				"CODE_SIGN_IDENTITY[sdk=iphoneos*]" = "iPhone Developer";
				COPY_PHASE_STRIP = NO;
				DEBUG_INFORMATION_FORMAT = dwarf;
				ENABLE_STRICT_OBJC_MSGSEND = YES;
				ENABLE_TESTABILITY = YES;
				GCC_C_LANGUAGE_STANDARD = gnu99;
				GCC_DYNAMIC_NO_PIC = NO;
				GCC_NO_COMMON_BLOCKS = YES;
				GCC_OPTIMIZATION_LEVEL = 0;
				GCC_PREPROCESSOR_DEFINITIONS = (
					"DEBUG=1",
					"$(inherited)",
				);
				GCC_WARN_64_TO_32_BIT_CONVERSION = YES;
				GCC_WARN_ABOUT_RETURN_TYPE = YES_ERROR;
				GCC_WARN_UNDECLARED_SELECTOR = YES;
				GCC_WARN_UNINITIALIZED_AUTOS = YES_AGGRESSIVE;
				GCC_WARN_UNUSED_FUNCTION = YES;
				GCC_WARN_UNUSED_VARIABLE = YES;
				IPHONEOS_DEPLOYMENT_TARGET = 10.3;
				MTL_ENABLE_DEBUG_INFO = YES;
				ONLY_ACTIVE_ARCH = YES;
				SDKROOT = iphoneos;
				SWIFT_ACTIVE_COMPILATION_CONDITIONS = DEBUG;
				SWIFT_OPTIMIZATION_LEVEL = "-Onone";
			};
			name = Debug;
		};
		312E747D1ECDE7DB007A90D1 /* Release */ = {
			isa = XCBuildConfiguration;
			buildSettings = {
				ALWAYS_SEARCH_USER_PATHS = NO;
				CLANG_ANALYZER_NONNULL = YES;
				CLANG_ANALYZER_NUMBER_OBJECT_CONVERSION = YES_AGGRESSIVE;
				CLANG_CXX_LANGUAGE_STANDARD = "gnu++0x";
				CLANG_CXX_LIBRARY = "libc++";
				CLANG_ENABLE_MODULES = YES;
				CLANG_ENABLE_OBJC_ARC = YES;
				CLANG_WARN_BOOL_CONVERSION = YES;
				CLANG_WARN_CONSTANT_CONVERSION = YES;
				CLANG_WARN_DIRECT_OBJC_ISA_USAGE = YES_ERROR;
				CLANG_WARN_DOCUMENTATION_COMMENTS = YES;
				CLANG_WARN_EMPTY_BODY = YES;
				CLANG_WARN_ENUM_CONVERSION = YES;
				CLANG_WARN_INFINITE_RECURSION = YES;
				CLANG_WARN_INT_CONVERSION = YES;
				CLANG_WARN_OBJC_ROOT_CLASS = YES_ERROR;
				CLANG_WARN_SUSPICIOUS_MOVE = YES;
				CLANG_WARN_UNREACHABLE_CODE = YES;
				CLANG_WARN__DUPLICATE_METHOD_MATCH = YES;
				"CODE_SIGN_IDENTITY[sdk=iphoneos*]" = "iPhone Developer";
				COPY_PHASE_STRIP = NO;
				DEBUG_INFORMATION_FORMAT = "dwarf-with-dsym";
				ENABLE_NS_ASSERTIONS = NO;
				ENABLE_STRICT_OBJC_MSGSEND = YES;
				GCC_C_LANGUAGE_STANDARD = gnu99;
				GCC_NO_COMMON_BLOCKS = YES;
				GCC_WARN_64_TO_32_BIT_CONVERSION = YES;
				GCC_WARN_ABOUT_RETURN_TYPE = YES_ERROR;
				GCC_WARN_UNDECLARED_SELECTOR = YES;
				GCC_WARN_UNINITIALIZED_AUTOS = YES_AGGRESSIVE;
				GCC_WARN_UNUSED_FUNCTION = YES;
				GCC_WARN_UNUSED_VARIABLE = YES;
				IPHONEOS_DEPLOYMENT_TARGET = 10.3;
				MTL_ENABLE_DEBUG_INFO = NO;
				SDKROOT = iphoneos;
				SWIFT_OPTIMIZATION_LEVEL = "-Owholemodule";
				VALIDATE_PRODUCT = YES;
			};
			name = Release;
		};
		312E747F1ECDE7DB007A90D1 /* Debug */ = {
			isa = XCBuildConfiguration;
			buildSettings = {
				ASSETCATALOG_COMPILER_APPICON_NAME = AppIcon;
				INFOPLIST_FILE = HorizontalUIPickerView/Info.plist;
				LD_RUNPATH_SEARCH_PATHS = "$(inherited) @executable_path/Frameworks";
				PRODUCT_BUNDLE_IDENTIFIER = "com.sunny-juof.HorizontalUIPickerView";
				PRODUCT_NAME = "$(TARGET_NAME)";
				SWIFT_VERSION = 3.0;
			};
			name = Debug;
		};
		312E74801ECDE7DB007A90D1 /* Release */ = {
			isa = XCBuildConfiguration;
			buildSettings = {
				ASSETCATALOG_COMPILER_APPICON_NAME = AppIcon;
				INFOPLIST_FILE = HorizontalUIPickerView/Info.plist;
				LD_RUNPATH_SEARCH_PATHS = "$(inherited) @executable_path/Frameworks";
				PRODUCT_BUNDLE_IDENTIFIER = "com.sunny-juof.HorizontalUIPickerView";
				PRODUCT_NAME = "$(TARGET_NAME)";
				SWIFT_VERSION = 3.0;
			};
			name = Release;
		};
/* End XCBuildConfiguration section */

/* Begin XCConfigurationList section */
		312E74671ECDE7DB007A90D1 /* Build configuration list for PBXProject "HorizontalUIPickerView" */ = {
			isa = XCConfigurationList;
			buildConfigurations = (
				312E747C1ECDE7DB007A90D1 /* Debug */,
				312E747D1ECDE7DB007A90D1 /* Release */,
			);
			defaultConfigurationIsVisible = 0;
			defaultConfigurationName = Release;
		};
		312E747E1ECDE7DB007A90D1 /* Build configuration list for PBXNativeTarget "HorizontalUIPickerView" */ = {
			isa = XCConfigurationList;
			buildConfigurations = (
				312E747F1ECDE7DB007A90D1 /* Debug */,
				312E74801ECDE7DB007A90D1 /* Release */,
			);
			defaultConfigurationIsVisible = 0;
		};
/* End XCConfigurationList section */
	};
	rootObject = 312E74641ECDE7DB007A90D1 /* Project object */;
}
